// !$*UTF8*$!
{
	archiveVersion = 1;
	classes = {
	};
	objectVersion = 55;
	objects = {

/* Begin PBXBuildFile section */
		79623E0A2A8D6D8C00E1D0BA /* TheMovieDBChallenge.xcdatamodeld in Sources */ = {isa = PBXBuildFile; fileRef = 79623E082A8D6D8C00E1D0BA /* TheMovieDBChallenge.xcdatamodeld */; };
		9920BF6FD9927060E8072C4C /* Pods_MovieListAppTests.framework in Frameworks */ = {isa = PBXBuildFile; fileRef = 74BF196E10F79D5ABEF4931D /* Pods_MovieListAppTests.framework */; };
		A2AE51EF71462780A05C661A /* Pods_MovieListApp_MovieListAppUITests.framework in Frameworks */ = {isa = PBXBuildFile; fileRef = 7424E40EDA1F83A0C1E92AC4 /* Pods_MovieListApp_MovieListAppUITests.framework */; };
		BF3832582A8D19DF000E4062 /* AppDelegate.swift in Sources */ = {isa = PBXBuildFile; fileRef = BF3832572A8D19DF000E4062 /* AppDelegate.swift */; };
		BF3832612A8D19E0000E4062 /* Assets.xcassets in Resources */ = {isa = PBXBuildFile; fileRef = BF3832602A8D19E0000E4062 /* Assets.xcassets */; };
		BF3832642A8D19E0000E4062 /* LaunchScreen.storyboard in Resources */ = {isa = PBXBuildFile; fileRef = BF3832622A8D19E0000E4062 /* LaunchScreen.storyboard */; };
		BF38326F2A8D19E0000E4062 /* MovieListAppTests.swift in Sources */ = {isa = PBXBuildFile; fileRef = BF38326E2A8D19E0000E4062 /* MovieListAppTests.swift */; };
		BF3832792A8D19E0000E4062 /* MovieListAppUITests.swift in Sources */ = {isa = PBXBuildFile; fileRef = BF3832782A8D19E0000E4062 /* MovieListAppUITests.swift */; };
		BF38327B2A8D19E0000E4062 /* MovieListAppUITestsLaunchTests.swift in Sources */ = {isa = PBXBuildFile; fileRef = BF38327A2A8D19E0000E4062 /* MovieListAppUITestsLaunchTests.swift */; };
		BF48616F2A93E6660023F3E8 /* MovieDetailPresenter.swift in Sources */ = {isa = PBXBuildFile; fileRef = BF4861462A93E6660023F3E8 /* MovieDetailPresenter.swift */; };
		BF4861702A93E6660023F3E8 /* MovieListPresenter.swift in Sources */ = {isa = PBXBuildFile; fileRef = BF4861482A93E6660023F3E8 /* MovieListPresenter.swift */; };
		BF4861712A93E6660023F3E8 /* MovieLoginPresenter.swift in Sources */ = {isa = PBXBuildFile; fileRef = BF48614A2A93E6660023F3E8 /* MovieLoginPresenter.swift */; };
		BF4861722A93E6660023F3E8 /* LoginRepository.swift in Sources */ = {isa = PBXBuildFile; fileRef = BF48614C2A93E6660023F3E8 /* LoginRepository.swift */; };
		BF4861732A93E6660023F3E8 /* MovieRepository.swift in Sources */ = {isa = PBXBuildFile; fileRef = BF48614D2A93E6660023F3E8 /* MovieRepository.swift */; };
		BF4861742A93E6660023F3E8 /* CoredataRepository.swift in Sources */ = {isa = PBXBuildFile; fileRef = BF48614E2A93E6660023F3E8 /* CoredataRepository.swift */; };
		BF4861752A93E6660023F3E8 /* Extension+ViewController.swift in Sources */ = {isa = PBXBuildFile; fileRef = BF4861512A93E6660023F3E8 /* Extension+ViewController.swift */; };
		BF4861762A93E6660023F3E8 /* Extension+UIView.swift in Sources */ = {isa = PBXBuildFile; fileRef = BF4861522A93E6660023F3E8 /* Extension+UIView.swift */; };
		BF4861772A93E6660023F3E8 /* CustomButton.swift in Sources */ = {isa = PBXBuildFile; fileRef = BF4861552A93E6660023F3E8 /* CustomButton.swift */; };
		BF4861782A93E6660023F3E8 /* ButtonStyle.swift in Sources */ = {isa = PBXBuildFile; fileRef = BF4861562A93E6660023F3E8 /* ButtonStyle.swift */; };
		BF4861792A93E6660023F3E8 /* Constants.swift in Sources */ = {isa = PBXBuildFile; fileRef = BF4861582A93E6660023F3E8 /* Constants.swift */; };
		BF48617A2A93E6660023F3E8 /* Colors.swift in Sources */ = {isa = PBXBuildFile; fileRef = BF4861592A93E6660023F3E8 /* Colors.swift */; };
		BF48617B2A93E6660023F3E8 /* NetworkCheck.swift in Sources */ = {isa = PBXBuildFile; fileRef = BF48615C2A93E6660023F3E8 /* NetworkCheck.swift */; };
		BF48617C2A93E6660023F3E8 /* MovieListEntity.swift in Sources */ = {isa = PBXBuildFile; fileRef = BF48615E2A93E6660023F3E8 /* MovieListEntity.swift */; };
		BF48617D2A93E6660023F3E8 /* MovieDetailEntity.swift in Sources */ = {isa = PBXBuildFile; fileRef = BF48615F2A93E6660023F3E8 /* MovieDetailEntity.swift */; };
		BF48617E2A93E6660023F3E8 /* MovieLoginEntity.swift in Sources */ = {isa = PBXBuildFile; fileRef = BF4861602A93E6660023F3E8 /* MovieLoginEntity.swift */; };
		BF48617F2A93E6660023F3E8 /* MovieDetailInteractor.swift in Sources */ = {isa = PBXBuildFile; fileRef = BF4861632A93E6660023F3E8 /* MovieDetailInteractor.swift */; };
		BF4861802A93E6660023F3E8 /* MovieListInteractor.swift in Sources */ = {isa = PBXBuildFile; fileRef = BF4861652A93E6660023F3E8 /* MovieListInteractor.swift */; };
		BF4861812A93E6660023F3E8 /* MovieLoginInteractor.swift in Sources */ = {isa = PBXBuildFile; fileRef = BF4861672A93E6660023F3E8 /* MovieLoginInteractor.swift */; };
		BF4861822A93E6660023F3E8 /* MovieDetailRouter.swift in Sources */ = {isa = PBXBuildFile; fileRef = BF48616A2A93E6660023F3E8 /* MovieDetailRouter.swift */; };
		BF4861832A93E6660023F3E8 /* MovieListRouter.swift in Sources */ = {isa = PBXBuildFile; fileRef = BF48616C2A93E6660023F3E8 /* MovieListRouter.swift */; };
		BF4861842A93E6660023F3E8 /* MovieLoginRouter.swift in Sources */ = {isa = PBXBuildFile; fileRef = BF48616E2A93E6660023F3E8 /* MovieLoginRouter.swift */; };
		BF4861892A93E6AF0023F3E8 /* MovieListInteractorTests.swift in Sources */ = {isa = PBXBuildFile; fileRef = BF4861862A93E6AF0023F3E8 /* MovieListInteractorTests.swift */; };
		BF48618A2A93E6AF0023F3E8 /* ListPresenterMock.swift in Sources */ = {isa = PBXBuildFile; fileRef = BF4861882A93E6AF0023F3E8 /* ListPresenterMock.swift */; };
		BF4861FE2A93E8A60023F3E8 /* MovieDetailViewProtocols.swift in Sources */ = {isa = PBXBuildFile; fileRef = BF4861F12A93E8A60023F3E8 /* MovieDetailViewProtocols.swift */; };
		BF4861FF2A93E8A60023F3E8 /* MovieDetailViewController.swift in Sources */ = {isa = PBXBuildFile; fileRef = BF4861F22A93E8A60023F3E8 /* MovieDetailViewController.swift */; };
		BF4862002A93E8A60023F3E8 /* MovieDetailViewController.xib in Resources */ = {isa = PBXBuildFile; fileRef = BF4861F32A93E8A60023F3E8 /* MovieDetailViewController.xib */; };
		BF4862012A93E8A60023F3E8 /* MovieListTableViewCell.swift in Sources */ = {isa = PBXBuildFile; fileRef = BF4861F62A93E8A60023F3E8 /* MovieListTableViewCell.swift */; };
		BF4862022A93E8A60023F3E8 /* MovieListTableViewCell.xib in Resources */ = {isa = PBXBuildFile; fileRef = BF4861F72A93E8A60023F3E8 /* MovieListTableViewCell.xib */; };
		BF4862032A93E8A60023F3E8 /* MovieListViewController.swift in Sources */ = {isa = PBXBuildFile; fileRef = BF4861F82A93E8A60023F3E8 /* MovieListViewController.swift */; };
		BF4862042A93E8A60023F3E8 /* MovieListViewProtocols.swift in Sources */ = {isa = PBXBuildFile; fileRef = BF4861F92A93E8A60023F3E8 /* MovieListViewProtocols.swift */; };
		BF4862052A93E8A60023F3E8 /* MovieLoginView.xib in Resources */ = {isa = PBXBuildFile; fileRef = BF4861FB2A93E8A60023F3E8 /* MovieLoginView.xib */; };
		BF4862062A93E8A60023F3E8 /* MovieLoginViewController.swift in Sources */ = {isa = PBXBuildFile; fileRef = BF4861FC2A93E8A60023F3E8 /* MovieLoginViewController.swift */; };
		BF4862072A93E8A60023F3E8 /* MovieLoginProtocols.swift in Sources */ = {isa = PBXBuildFile; fileRef = BF4861FD2A93E8A60023F3E8 /* MovieLoginProtocols.swift */; };
		E426E800803AA90403AC96B2 /* Pods_MovieListApp.framework in Frameworks */ = {isa = PBXBuildFile; fileRef = 7734B38ED1BE31ED1AC3EC1F /* Pods_MovieListApp.framework */; };
/* End PBXBuildFile section */

/* Begin PBXContainerItemProxy section */
		BF38326B2A8D19E0000E4062 /* PBXContainerItemProxy */ = {
			isa = PBXContainerItemProxy;
			containerPortal = BF38324C2A8D19DF000E4062 /* Project object */;
			proxyType = 1;
			remoteGlobalIDString = BF3832532A8D19DF000E4062;
			remoteInfo = MovieListApp;
		};
		BF3832752A8D19E0000E4062 /* PBXContainerItemProxy */ = {
			isa = PBXContainerItemProxy;
			containerPortal = BF38324C2A8D19DF000E4062 /* Project object */;
			proxyType = 1;
			remoteGlobalIDString = BF3832532A8D19DF000E4062;
			remoteInfo = MovieListApp;
		};
/* End PBXContainerItemProxy section */

/* Begin PBXFileReference section */
		00A024FFA631FE26BD8495DE /* Pods-MovieListAppTests.release.xcconfig */ = {isa = PBXFileReference; includeInIndex = 1; lastKnownFileType = text.xcconfig; name = "Pods-MovieListAppTests.release.xcconfig"; path = "Target Support Files/Pods-MovieListAppTests/Pods-MovieListAppTests.release.xcconfig"; sourceTree = "<group>"; };
		23EB321E11AB33742BE32C85 /* Pods-MovieListApp.debug.xcconfig */ = {isa = PBXFileReference; includeInIndex = 1; lastKnownFileType = text.xcconfig; name = "Pods-MovieListApp.debug.xcconfig"; path = "Target Support Files/Pods-MovieListApp/Pods-MovieListApp.debug.xcconfig"; sourceTree = "<group>"; };
		3218B4A7D9E8CFE505FE22B6 /* Pods-MovieListAppTests.debug.xcconfig */ = {isa = PBXFileReference; includeInIndex = 1; lastKnownFileType = text.xcconfig; name = "Pods-MovieListAppTests.debug.xcconfig"; path = "Target Support Files/Pods-MovieListAppTests/Pods-MovieListAppTests.debug.xcconfig"; sourceTree = "<group>"; };
		43F03F5F8439AC034D332D7E /* Pods-MovieListApp-MovieListAppUITests.debug.xcconfig */ = {isa = PBXFileReference; includeInIndex = 1; lastKnownFileType = text.xcconfig; name = "Pods-MovieListApp-MovieListAppUITests.debug.xcconfig"; path = "Target Support Files/Pods-MovieListApp-MovieListAppUITests/Pods-MovieListApp-MovieListAppUITests.debug.xcconfig"; sourceTree = "<group>"; };
		617848BC5AF940B3D1DB2577 /* Pods-MovieListApp.release.xcconfig */ = {isa = PBXFileReference; includeInIndex = 1; lastKnownFileType = text.xcconfig; name = "Pods-MovieListApp.release.xcconfig"; path = "Target Support Files/Pods-MovieListApp/Pods-MovieListApp.release.xcconfig"; sourceTree = "<group>"; };
		6DEE91A4E053610E92A9459F /* Pods-MovieListApp-MovieListAppUITests.release.xcconfig */ = {isa = PBXFileReference; includeInIndex = 1; lastKnownFileType = text.xcconfig; name = "Pods-MovieListApp-MovieListAppUITests.release.xcconfig"; path = "Target Support Files/Pods-MovieListApp-MovieListAppUITests/Pods-MovieListApp-MovieListAppUITests.release.xcconfig"; sourceTree = "<group>"; };
		7424E40EDA1F83A0C1E92AC4 /* Pods_MovieListApp_MovieListAppUITests.framework */ = {isa = PBXFileReference; explicitFileType = wrapper.framework; includeInIndex = 0; path = Pods_MovieListApp_MovieListAppUITests.framework; sourceTree = BUILT_PRODUCTS_DIR; };
		74BF196E10F79D5ABEF4931D /* Pods_MovieListAppTests.framework */ = {isa = PBXFileReference; explicitFileType = wrapper.framework; includeInIndex = 0; path = Pods_MovieListAppTests.framework; sourceTree = BUILT_PRODUCTS_DIR; };
		7734B38ED1BE31ED1AC3EC1F /* Pods_MovieListApp.framework */ = {isa = PBXFileReference; explicitFileType = wrapper.framework; includeInIndex = 0; path = Pods_MovieListApp.framework; sourceTree = BUILT_PRODUCTS_DIR; };
		79623E092A8D6D8C00E1D0BA /* TheMovieDBChallenge.xcdatamodel */ = {isa = PBXFileReference; lastKnownFileType = wrapper.xcdatamodel; path = TheMovieDBChallenge.xcdatamodel; sourceTree = "<group>"; };
		BF3832542A8D19DF000E4062 /* MovieListApp.app */ = {isa = PBXFileReference; explicitFileType = wrapper.application; includeInIndex = 0; path = MovieListApp.app; sourceTree = BUILT_PRODUCTS_DIR; };
		BF3832572A8D19DF000E4062 /* AppDelegate.swift */ = {isa = PBXFileReference; lastKnownFileType = sourcecode.swift; path = AppDelegate.swift; sourceTree = "<group>"; };
		BF3832602A8D19E0000E4062 /* Assets.xcassets */ = {isa = PBXFileReference; lastKnownFileType = folder.assetcatalog; path = Assets.xcassets; sourceTree = "<group>"; };
		BF3832632A8D19E0000E4062 /* Base */ = {isa = PBXFileReference; lastKnownFileType = file.storyboard; name = Base; path = Base.lproj/LaunchScreen.storyboard; sourceTree = "<group>"; };
		BF3832652A8D19E0000E4062 /* Info.plist */ = {isa = PBXFileReference; lastKnownFileType = text.plist.xml; path = Info.plist; sourceTree = "<group>"; };
		BF38326A2A8D19E0000E4062 /* MovieListAppTests.xctest */ = {isa = PBXFileReference; explicitFileType = wrapper.cfbundle; includeInIndex = 0; path = MovieListAppTests.xctest; sourceTree = BUILT_PRODUCTS_DIR; };
		BF38326E2A8D19E0000E4062 /* MovieListAppTests.swift */ = {isa = PBXFileReference; lastKnownFileType = sourcecode.swift; path = MovieListAppTests.swift; sourceTree = "<group>"; };
		BF3832742A8D19E0000E4062 /* MovieListAppUITests.xctest */ = {isa = PBXFileReference; explicitFileType = wrapper.cfbundle; includeInIndex = 0; path = MovieListAppUITests.xctest; sourceTree = BUILT_PRODUCTS_DIR; };
		BF3832782A8D19E0000E4062 /* MovieListAppUITests.swift */ = {isa = PBXFileReference; lastKnownFileType = sourcecode.swift; path = MovieListAppUITests.swift; sourceTree = "<group>"; };
		BF38327A2A8D19E0000E4062 /* MovieListAppUITestsLaunchTests.swift */ = {isa = PBXFileReference; lastKnownFileType = sourcecode.swift; path = MovieListAppUITestsLaunchTests.swift; sourceTree = "<group>"; };
		BF4861462A93E6660023F3E8 /* MovieDetailPresenter.swift */ = {isa = PBXFileReference; fileEncoding = 4; lastKnownFileType = sourcecode.swift; path = MovieDetailPresenter.swift; sourceTree = "<group>"; };
		BF4861482A93E6660023F3E8 /* MovieListPresenter.swift */ = {isa = PBXFileReference; fileEncoding = 4; lastKnownFileType = sourcecode.swift; path = MovieListPresenter.swift; sourceTree = "<group>"; };
		BF48614A2A93E6660023F3E8 /* MovieLoginPresenter.swift */ = {isa = PBXFileReference; fileEncoding = 4; lastKnownFileType = sourcecode.swift; path = MovieLoginPresenter.swift; sourceTree = "<group>"; };
		BF48614C2A93E6660023F3E8 /* LoginRepository.swift */ = {isa = PBXFileReference; fileEncoding = 4; lastKnownFileType = sourcecode.swift; path = LoginRepository.swift; sourceTree = "<group>"; };
		BF48614D2A93E6660023F3E8 /* MovieRepository.swift */ = {isa = PBXFileReference; fileEncoding = 4; lastKnownFileType = sourcecode.swift; path = MovieRepository.swift; sourceTree = "<group>"; };
		BF48614E2A93E6660023F3E8 /* CoredataRepository.swift */ = {isa = PBXFileReference; fileEncoding = 4; lastKnownFileType = sourcecode.swift; path = CoredataRepository.swift; sourceTree = "<group>"; };
		BF4861512A93E6660023F3E8 /* Extension+ViewController.swift */ = {isa = PBXFileReference; fileEncoding = 4; lastKnownFileType = sourcecode.swift; path = "Extension+ViewController.swift"; sourceTree = "<group>"; };
		BF4861522A93E6660023F3E8 /* Extension+UIView.swift */ = {isa = PBXFileReference; fileEncoding = 4; lastKnownFileType = sourcecode.swift; path = "Extension+UIView.swift"; sourceTree = "<group>"; };
		BF4861552A93E6660023F3E8 /* CustomButton.swift */ = {isa = PBXFileReference; fileEncoding = 4; lastKnownFileType = sourcecode.swift; path = CustomButton.swift; sourceTree = "<group>"; };
		BF4861562A93E6660023F3E8 /* ButtonStyle.swift */ = {isa = PBXFileReference; fileEncoding = 4; lastKnownFileType = sourcecode.swift; path = ButtonStyle.swift; sourceTree = "<group>"; };
		BF4861582A93E6660023F3E8 /* Constants.swift */ = {isa = PBXFileReference; fileEncoding = 4; lastKnownFileType = sourcecode.swift; path = Constants.swift; sourceTree = "<group>"; };
		BF4861592A93E6660023F3E8 /* Colors.swift */ = {isa = PBXFileReference; fileEncoding = 4; lastKnownFileType = sourcecode.swift; path = Colors.swift; sourceTree = "<group>"; };
		BF48615C2A93E6660023F3E8 /* NetworkCheck.swift */ = {isa = PBXFileReference; fileEncoding = 4; lastKnownFileType = sourcecode.swift; path = NetworkCheck.swift; sourceTree = "<group>"; };
		BF48615E2A93E6660023F3E8 /* MovieListEntity.swift */ = {isa = PBXFileReference; fileEncoding = 4; lastKnownFileType = sourcecode.swift; path = MovieListEntity.swift; sourceTree = "<group>"; };
		BF48615F2A93E6660023F3E8 /* MovieDetailEntity.swift */ = {isa = PBXFileReference; fileEncoding = 4; lastKnownFileType = sourcecode.swift; path = MovieDetailEntity.swift; sourceTree = "<group>"; };
		BF4861602A93E6660023F3E8 /* MovieLoginEntity.swift */ = {isa = PBXFileReference; fileEncoding = 4; lastKnownFileType = sourcecode.swift; path = MovieLoginEntity.swift; sourceTree = "<group>"; };
		BF4861632A93E6660023F3E8 /* MovieDetailInteractor.swift */ = {isa = PBXFileReference; fileEncoding = 4; lastKnownFileType = sourcecode.swift; path = MovieDetailInteractor.swift; sourceTree = "<group>"; };
		BF4861652A93E6660023F3E8 /* MovieListInteractor.swift */ = {isa = PBXFileReference; fileEncoding = 4; lastKnownFileType = sourcecode.swift; path = MovieListInteractor.swift; sourceTree = "<group>"; };
		BF4861672A93E6660023F3E8 /* MovieLoginInteractor.swift */ = {isa = PBXFileReference; fileEncoding = 4; lastKnownFileType = sourcecode.swift; path = MovieLoginInteractor.swift; sourceTree = "<group>"; };
		BF48616A2A93E6660023F3E8 /* MovieDetailRouter.swift */ = {isa = PBXFileReference; fileEncoding = 4; lastKnownFileType = sourcecode.swift; path = MovieDetailRouter.swift; sourceTree = "<group>"; };
		BF48616C2A93E6660023F3E8 /* MovieListRouter.swift */ = {isa = PBXFileReference; fileEncoding = 4; lastKnownFileType = sourcecode.swift; path = MovieListRouter.swift; sourceTree = "<group>"; };
		BF48616E2A93E6660023F3E8 /* MovieLoginRouter.swift */ = {isa = PBXFileReference; fileEncoding = 4; lastKnownFileType = sourcecode.swift; path = MovieLoginRouter.swift; sourceTree = "<group>"; };
		BF4861862A93E6AF0023F3E8 /* MovieListInteractorTests.swift */ = {isa = PBXFileReference; fileEncoding = 4; lastKnownFileType = sourcecode.swift; path = MovieListInteractorTests.swift; sourceTree = "<group>"; };
		BF4861882A93E6AF0023F3E8 /* ListPresenterMock.swift */ = {isa = PBXFileReference; fileEncoding = 4; lastKnownFileType = sourcecode.swift; path = ListPresenterMock.swift; sourceTree = "<group>"; };
		BF4861F12A93E8A60023F3E8 /* MovieDetailViewProtocols.swift */ = {isa = PBXFileReference; fileEncoding = 4; lastKnownFileType = sourcecode.swift; path = MovieDetailViewProtocols.swift; sourceTree = "<group>"; };
		BF4861F22A93E8A60023F3E8 /* MovieDetailViewController.swift */ = {isa = PBXFileReference; fileEncoding = 4; lastKnownFileType = sourcecode.swift; path = MovieDetailViewController.swift; sourceTree = "<group>"; };
		BF4861F32A93E8A60023F3E8 /* MovieDetailViewController.xib */ = {isa = PBXFileReference; fileEncoding = 4; lastKnownFileType = file.xib; path = MovieDetailViewController.xib; sourceTree = "<group>"; };
		BF4861F62A93E8A60023F3E8 /* MovieListTableViewCell.swift */ = {isa = PBXFileReference; fileEncoding = 4; lastKnownFileType = sourcecode.swift; path = MovieListTableViewCell.swift; sourceTree = "<group>"; };
		BF4861F72A93E8A60023F3E8 /* MovieListTableViewCell.xib */ = {isa = PBXFileReference; fileEncoding = 4; lastKnownFileType = file.xib; path = MovieListTableViewCell.xib; sourceTree = "<group>"; };
		BF4861F82A93E8A60023F3E8 /* MovieListViewController.swift */ = {isa = PBXFileReference; fileEncoding = 4; lastKnownFileType = sourcecode.swift; path = MovieListViewController.swift; sourceTree = "<group>"; };
		BF4861F92A93E8A60023F3E8 /* MovieListViewProtocols.swift */ = {isa = PBXFileReference; fileEncoding = 4; lastKnownFileType = sourcecode.swift; path = MovieListViewProtocols.swift; sourceTree = "<group>"; };
		BF4861FB2A93E8A60023F3E8 /* MovieLoginView.xib */ = {isa = PBXFileReference; fileEncoding = 4; lastKnownFileType = file.xib; path = MovieLoginView.xib; sourceTree = "<group>"; };
		BF4861FC2A93E8A60023F3E8 /* MovieLoginViewController.swift */ = {isa = PBXFileReference; fileEncoding = 4; lastKnownFileType = sourcecode.swift; path = MovieLoginViewController.swift; sourceTree = "<group>"; };
		BF4861FD2A93E8A60023F3E8 /* MovieLoginProtocols.swift */ = {isa = PBXFileReference; fileEncoding = 4; lastKnownFileType = sourcecode.swift; path = MovieLoginProtocols.swift; sourceTree = "<group>"; };
/* End PBXFileReference section */

/* Begin PBXFrameworksBuildPhase section */
		BF3832512A8D19DF000E4062 /* Frameworks */ = {
			isa = PBXFrameworksBuildPhase;
			buildActionMask = 2147483647;
			files = (
				E426E800803AA90403AC96B2 /* Pods_MovieListApp.framework in Frameworks */,
			);
			runOnlyForDeploymentPostprocessing = 0;
		};
		BF3832672A8D19E0000E4062 /* Frameworks */ = {
			isa = PBXFrameworksBuildPhase;
			buildActionMask = 2147483647;
			files = (
				9920BF6FD9927060E8072C4C /* Pods_MovieListAppTests.framework in Frameworks */,
			);
			runOnlyForDeploymentPostprocessing = 0;
		};
		BF3832712A8D19E0000E4062 /* Frameworks */ = {
			isa = PBXFrameworksBuildPhase;
			buildActionMask = 2147483647;
			files = (
				A2AE51EF71462780A05C661A /* Pods_MovieListApp_MovieListAppUITests.framework in Frameworks */,
			);
			runOnlyForDeploymentPostprocessing = 0;
		};
/* End PBXFrameworksBuildPhase section */

/* Begin PBXGroup section */
		1E9709E0D90E0AB773C475B6 /* Frameworks */ = {
			isa = PBXGroup;
			children = (
				7734B38ED1BE31ED1AC3EC1F /* Pods_MovieListApp.framework */,
				7424E40EDA1F83A0C1E92AC4 /* Pods_MovieListApp_MovieListAppUITests.framework */,
				74BF196E10F79D5ABEF4931D /* Pods_MovieListAppTests.framework */,
			);
			name = Frameworks;
			sourceTree = "<group>";
		};
		BF38324B2A8D19DF000E4062 = {
			isa = PBXGroup;
			children = (
				BF3832562A8D19DF000E4062 /* MovieListApp */,
				BF38326D2A8D19E0000E4062 /* MovieListAppTests */,
				BF3832772A8D19E0000E4062 /* MovieListAppUITests */,
				BF3832552A8D19DF000E4062 /* Products */,
				EA9B4BF2DE3D167CF7BBEFC9 /* Pods */,
				1E9709E0D90E0AB773C475B6 /* Frameworks */,
			);
			sourceTree = "<group>";
		};
		BF3832552A8D19DF000E4062 /* Products */ = {
			isa = PBXGroup;
			children = (
				BF3832542A8D19DF000E4062 /* MovieListApp.app */,
				BF38326A2A8D19E0000E4062 /* MovieListAppTests.xctest */,
				BF3832742A8D19E0000E4062 /* MovieListAppUITests.xctest */,
			);
			name = Products;
			sourceTree = "<group>";
		};
		BF3832562A8D19DF000E4062 /* MovieListApp */ = {
			isa = PBXGroup;
			children = (
				BF4861EF2A93E8A60023F3E8 /* View */,
				BF48614F2A93E6660023F3E8 /* Common */,
				BF48614B2A93E6660023F3E8 /* Datastore */,
				BF48615D2A93E6660023F3E8 /* Entity */,
				BF4861612A93E6660023F3E8 /* Interactor */,
				BF4861442A93E6660023F3E8 /* Presenter */,
				BF4861682A93E6660023F3E8 /* Router */,
				BF3832572A8D19DF000E4062 /* AppDelegate.swift */,
				BF3832602A8D19E0000E4062 /* Assets.xcassets */,
				BF3832622A8D19E0000E4062 /* LaunchScreen.storyboard */,
				BF3832652A8D19E0000E4062 /* Info.plist */,
				79623E082A8D6D8C00E1D0BA /* TheMovieDBChallenge.xcdatamodeld */,
			);
			path = MovieListApp;
			sourceTree = "<group>";
		};
		BF38326D2A8D19E0000E4062 /* MovieListAppTests */ = {
			isa = PBXGroup;
			children = (
				BF4861852A93E6AF0023F3E8 /* List */,
				BF4861872A93E6AF0023F3E8 /* Mocks */,
				BF38326E2A8D19E0000E4062 /* MovieListAppTests.swift */,
			);
			path = MovieListAppTests;
			sourceTree = "<group>";
		};
		BF3832772A8D19E0000E4062 /* MovieListAppUITests */ = {
			isa = PBXGroup;
			children = (
				BF3832782A8D19E0000E4062 /* MovieListAppUITests.swift */,
				BF38327A2A8D19E0000E4062 /* MovieListAppUITestsLaunchTests.swift */,
			);
			path = MovieListAppUITests;
			sourceTree = "<group>";
		};
		BF4861442A93E6660023F3E8 /* Presenter */ = {
			isa = PBXGroup;
			children = (
				BF4861452A93E6660023F3E8 /* Detail */,
				BF4861472A93E6660023F3E8 /* List */,
				BF4861492A93E6660023F3E8 /* Login */,
			);
			path = Presenter;
			sourceTree = "<group>";
		};
		BF4861452A93E6660023F3E8 /* Detail */ = {
			isa = PBXGroup;
			children = (
				BF4861462A93E6660023F3E8 /* MovieDetailPresenter.swift */,
			);
			path = Detail;
			sourceTree = "<group>";
		};
		BF4861472A93E6660023F3E8 /* List */ = {
			isa = PBXGroup;
			children = (
				BF4861482A93E6660023F3E8 /* MovieListPresenter.swift */,
			);
			path = List;
			sourceTree = "<group>";
		};
		BF4861492A93E6660023F3E8 /* Login */ = {
			isa = PBXGroup;
			children = (
				BF48614A2A93E6660023F3E8 /* MovieLoginPresenter.swift */,
			);
			path = Login;
			sourceTree = "<group>";
		};
		BF48614B2A93E6660023F3E8 /* Datastore */ = {
			isa = PBXGroup;
			children = (
				BF48614C2A93E6660023F3E8 /* LoginRepository.swift */,
				BF48614D2A93E6660023F3E8 /* MovieRepository.swift */,
				BF48614E2A93E6660023F3E8 /* CoredataRepository.swift */,
			);
			path = Datastore;
			sourceTree = "<group>";
		};
		BF48614F2A93E6660023F3E8 /* Common */ = {
			isa = PBXGroup;
			children = (
				BF4861502A93E6660023F3E8 /* Extensions */,
				BF4861532A93E6660023F3E8 /* Components */,
			);
			path = Common;
			sourceTree = "<group>";
		};
		BF4861502A93E6660023F3E8 /* Extensions */ = {
			isa = PBXGroup;
			children = (
				BF4861512A93E6660023F3E8 /* Extension+ViewController.swift */,
				BF4861522A93E6660023F3E8 /* Extension+UIView.swift */,
			);
			path = Extensions;
			sourceTree = "<group>";
		};
		BF4861532A93E6660023F3E8 /* Components */ = {
			isa = PBXGroup;
			children = (
				BF4861542A93E6660023F3E8 /* Buttons */,
				BF4861572A93E6660023F3E8 /* Resources */,
				BF48615A2A93E6660023F3E8 /* Services */,
			);
			path = Components;
			sourceTree = "<group>";
		};
		BF4861542A93E6660023F3E8 /* Buttons */ = {
			isa = PBXGroup;
			children = (
				BF4861552A93E6660023F3E8 /* CustomButton.swift */,
				BF4861562A93E6660023F3E8 /* ButtonStyle.swift */,
			);
			path = Buttons;
			sourceTree = "<group>";
		};
		BF4861572A93E6660023F3E8 /* Resources */ = {
			isa = PBXGroup;
			children = (
				BF4861582A93E6660023F3E8 /* Constants.swift */,
				BF4861592A93E6660023F3E8 /* Colors.swift */,
			);
			path = Resources;
			sourceTree = "<group>";
		};
		BF48615A2A93E6660023F3E8 /* Services */ = {
			isa = PBXGroup;
			children = (
				BF48615B2A93E6660023F3E8 /* Network */,
			);
			path = Services;
			sourceTree = "<group>";
		};
		BF48615B2A93E6660023F3E8 /* Network */ = {
			isa = PBXGroup;
			children = (
				BF48615C2A93E6660023F3E8 /* NetworkCheck.swift */,
			);
			path = Network;
			sourceTree = "<group>";
		};
		BF48615D2A93E6660023F3E8 /* Entity */ = {
			isa = PBXGroup;
			children = (
				BF48615E2A93E6660023F3E8 /* MovieListEntity.swift */,
				BF48615F2A93E6660023F3E8 /* MovieDetailEntity.swift */,
				BF4861602A93E6660023F3E8 /* MovieLoginEntity.swift */,
			);
			path = Entity;
			sourceTree = "<group>";
		};
		BF4861612A93E6660023F3E8 /* Interactor */ = {
			isa = PBXGroup;
			children = (
				BF4861622A93E6660023F3E8 /* Detail */,
				BF4861642A93E6660023F3E8 /* List */,
				BF4861662A93E6660023F3E8 /* Login */,
			);
			path = Interactor;
			sourceTree = "<group>";
		};
		BF4861622A93E6660023F3E8 /* Detail */ = {
			isa = PBXGroup;
			children = (
				BF4861632A93E6660023F3E8 /* MovieDetailInteractor.swift */,
			);
			path = Detail;
			sourceTree = "<group>";
		};
		BF4861642A93E6660023F3E8 /* List */ = {
			isa = PBXGroup;
			children = (
				BF4861652A93E6660023F3E8 /* MovieListInteractor.swift */,
			);
			path = List;
			sourceTree = "<group>";
		};
		BF4861662A93E6660023F3E8 /* Login */ = {
			isa = PBXGroup;
			children = (
				BF4861672A93E6660023F3E8 /* MovieLoginInteractor.swift */,
			);
			path = Login;
			sourceTree = "<group>";
		};
		BF4861682A93E6660023F3E8 /* Router */ = {
			isa = PBXGroup;
			children = (
				BF4861692A93E6660023F3E8 /* Detail */,
				BF48616B2A93E6660023F3E8 /* List */,
				BF48616D2A93E6660023F3E8 /* Login */,
			);
			path = Router;
			sourceTree = "<group>";
		};
		BF4861692A93E6660023F3E8 /* Detail */ = {
			isa = PBXGroup;
			children = (
				BF48616A2A93E6660023F3E8 /* MovieDetailRouter.swift */,
			);
			path = Detail;
			sourceTree = "<group>";
		};
		BF48616B2A93E6660023F3E8 /* List */ = {
			isa = PBXGroup;
			children = (
				BF48616C2A93E6660023F3E8 /* MovieListRouter.swift */,
			);
			path = List;
			sourceTree = "<group>";
		};
		BF48616D2A93E6660023F3E8 /* Login */ = {
			isa = PBXGroup;
			children = (
				BF48616E2A93E6660023F3E8 /* MovieLoginRouter.swift */,
			);
			path = Login;
			sourceTree = "<group>";
		};
		BF4861852A93E6AF0023F3E8 /* List */ = {
			isa = PBXGroup;
			children = (
				BF4861862A93E6AF0023F3E8 /* MovieListInteractorTests.swift */,
			);
			path = List;
			sourceTree = "<group>";
		};
		BF4861872A93E6AF0023F3E8 /* Mocks */ = {
			isa = PBXGroup;
			children = (
				BF4861882A93E6AF0023F3E8 /* ListPresenterMock.swift */,
			);
			path = Mocks;
			sourceTree = "<group>";
		};
		BF4861EF2A93E8A60023F3E8 /* View */ = {
			isa = PBXGroup;
			children = (
				BF4861F02A93E8A60023F3E8 /* Detail */,
				BF4861F42A93E8A60023F3E8 /* List */,
				BF4861FA2A93E8A60023F3E8 /* Login */,
			);
			path = View;
			sourceTree = "<group>";
		};
		BF4861F02A93E8A60023F3E8 /* Detail */ = {
			isa = PBXGroup;
			children = (
				BF4861F12A93E8A60023F3E8 /* MovieDetailViewProtocols.swift */,
				BF4861F22A93E8A60023F3E8 /* MovieDetailViewController.swift */,
				BF4861F32A93E8A60023F3E8 /* MovieDetailViewController.xib */,
			);
			path = Detail;
			sourceTree = "<group>";
		};
		BF4861F42A93E8A60023F3E8 /* List */ = {
			isa = PBXGroup;
			children = (
				BF4861F52A93E8A60023F3E8 /* Cells */,
				BF4861F82A93E8A60023F3E8 /* MovieListViewController.swift */,
				BF4861F92A93E8A60023F3E8 /* MovieListViewProtocols.swift */,
			);
			path = List;
			sourceTree = "<group>";
		};
		BF4861F52A93E8A60023F3E8 /* Cells */ = {
			isa = PBXGroup;
			children = (
				BF4861F62A93E8A60023F3E8 /* MovieListTableViewCell.swift */,
				BF4861F72A93E8A60023F3E8 /* MovieListTableViewCell.xib */,
			);
			path = Cells;
			sourceTree = "<group>";
		};
		BF4861FA2A93E8A60023F3E8 /* Login */ = {
			isa = PBXGroup;
			children = (
				BF4861FB2A93E8A60023F3E8 /* MovieLoginView.xib */,
				BF4861FC2A93E8A60023F3E8 /* MovieLoginViewController.swift */,
				BF4861FD2A93E8A60023F3E8 /* MovieLoginProtocols.swift */,
			);
			path = Login;
			sourceTree = "<group>";
		};
		EA9B4BF2DE3D167CF7BBEFC9 /* Pods */ = {
			isa = PBXGroup;
			children = (
				23EB321E11AB33742BE32C85 /* Pods-MovieListApp.debug.xcconfig */,
				617848BC5AF940B3D1DB2577 /* Pods-MovieListApp.release.xcconfig */,
				43F03F5F8439AC034D332D7E /* Pods-MovieListApp-MovieListAppUITests.debug.xcconfig */,
				6DEE91A4E053610E92A9459F /* Pods-MovieListApp-MovieListAppUITests.release.xcconfig */,
				3218B4A7D9E8CFE505FE22B6 /* Pods-MovieListAppTests.debug.xcconfig */,
				00A024FFA631FE26BD8495DE /* Pods-MovieListAppTests.release.xcconfig */,
			);
			path = Pods;
			sourceTree = "<group>";
		};
/* End PBXGroup section */

/* Begin PBXNativeTarget section */
		BF3832532A8D19DF000E4062 /* MovieListApp */ = {
			isa = PBXNativeTarget;
			buildConfigurationList = BF38327E2A8D19E0000E4062 /* Build configuration list for PBXNativeTarget "MovieListApp" */;
			buildPhases = (
				322945C383663A04CB2DC8E6 /* [CP] Check Pods Manifest.lock */,
				BF3832502A8D19DF000E4062 /* Sources */,
				BF3832512A8D19DF000E4062 /* Frameworks */,
				BF3832522A8D19DF000E4062 /* Resources */,
				744CC4141E5D3A0E72FF25FF /* [CP] Embed Pods Frameworks */,
			);
			buildRules = (
			);
			dependencies = (
			);
			name = MovieListApp;
			productName = MovieListApp;
			productReference = BF3832542A8D19DF000E4062 /* MovieListApp.app */;
			productType = "com.apple.product-type.application";
		};
		BF3832692A8D19E0000E4062 /* MovieListAppTests */ = {
			isa = PBXNativeTarget;
			buildConfigurationList = BF3832812A8D19E0000E4062 /* Build configuration list for PBXNativeTarget "MovieListAppTests" */;
			buildPhases = (
				AEBD079AF44A6F5DFEEF4398 /* [CP] Check Pods Manifest.lock */,
				BF3832662A8D19E0000E4062 /* Sources */,
				BF3832672A8D19E0000E4062 /* Frameworks */,
				BF3832682A8D19E0000E4062 /* Resources */,
			);
			buildRules = (
			);
			dependencies = (
				BF38326C2A8D19E0000E4062 /* PBXTargetDependency */,
			);
			name = MovieListAppTests;
			productName = MovieListAppTests;
			productReference = BF38326A2A8D19E0000E4062 /* MovieListAppTests.xctest */;
			productType = "com.apple.product-type.bundle.unit-test";
		};
		BF3832732A8D19E0000E4062 /* MovieListAppUITests */ = {
			isa = PBXNativeTarget;
			buildConfigurationList = BF3832842A8D19E0000E4062 /* Build configuration list for PBXNativeTarget "MovieListAppUITests" */;
			buildPhases = (
				334EEADC47BE17D56E078F7F /* [CP] Check Pods Manifest.lock */,
				BF3832702A8D19E0000E4062 /* Sources */,
				BF3832712A8D19E0000E4062 /* Frameworks */,
				BF3832722A8D19E0000E4062 /* Resources */,
				3E3B2F87402FD2CA5E111E3F /* [CP] Embed Pods Frameworks */,
			);
			buildRules = (
			);
			dependencies = (
				BF3832762A8D19E0000E4062 /* PBXTargetDependency */,
			);
			name = MovieListAppUITests;
			productName = MovieListAppUITests;
			productReference = BF3832742A8D19E0000E4062 /* MovieListAppUITests.xctest */;
			productType = "com.apple.product-type.bundle.ui-testing";
		};
/* End PBXNativeTarget section */

/* Begin PBXProject section */
		BF38324C2A8D19DF000E4062 /* Project object */ = {
			isa = PBXProject;
			attributes = {
				BuildIndependentTargetsInParallel = 1;
				LastSwiftUpdateCheck = 1340;
				LastUpgradeCheck = 1340;
				TargetAttributes = {
					BF3832532A8D19DF000E4062 = {
						CreatedOnToolsVersion = 13.4.1;
					};
					BF3832692A8D19E0000E4062 = {
						CreatedOnToolsVersion = 13.4.1;
						TestTargetID = BF3832532A8D19DF000E4062;
					};
					BF3832732A8D19E0000E4062 = {
						CreatedOnToolsVersion = 13.4.1;
						TestTargetID = BF3832532A8D19DF000E4062;
					};
				};
			};
			buildConfigurationList = BF38324F2A8D19DF000E4062 /* Build configuration list for PBXProject "MovieListApp" */;
			compatibilityVersion = "Xcode 13.0";
			developmentRegion = en;
			hasScannedForEncodings = 0;
			knownRegions = (
				en,
				Base,
			);
			mainGroup = BF38324B2A8D19DF000E4062;
			productRefGroup = BF3832552A8D19DF000E4062 /* Products */;
			projectDirPath = "";
			projectRoot = "";
			targets = (
				BF3832532A8D19DF000E4062 /* MovieListApp */,
				BF3832692A8D19E0000E4062 /* MovieListAppTests */,
				BF3832732A8D19E0000E4062 /* MovieListAppUITests */,
			);
		};
/* End PBXProject section */

/* Begin PBXResourcesBuildPhase section */
		BF3832522A8D19DF000E4062 /* Resources */ = {
			isa = PBXResourcesBuildPhase;
			buildActionMask = 2147483647;
			files = (
				BF4862002A93E8A60023F3E8 /* MovieDetailViewController.xib in Resources */,
				BF3832642A8D19E0000E4062 /* LaunchScreen.storyboard in Resources */,
				BF4862022A93E8A60023F3E8 /* MovieListTableViewCell.xib in Resources */,
				BF3832612A8D19E0000E4062 /* Assets.xcassets in Resources */,
				BF4862052A93E8A60023F3E8 /* MovieLoginView.xib in Resources */,
			);
			runOnlyForDeploymentPostprocessing = 0;
		};
		BF3832682A8D19E0000E4062 /* Resources */ = {
			isa = PBXResourcesBuildPhase;
			buildActionMask = 2147483647;
			files = (
			);
			runOnlyForDeploymentPostprocessing = 0;
		};
		BF3832722A8D19E0000E4062 /* Resources */ = {
			isa = PBXResourcesBuildPhase;
			buildActionMask = 2147483647;
			files = (
			);
			runOnlyForDeploymentPostprocessing = 0;
		};
/* End PBXResourcesBuildPhase section */

/* Begin PBXShellScriptBuildPhase section */
		322945C383663A04CB2DC8E6 /* [CP] Check Pods Manifest.lock */ = {
			isa = PBXShellScriptBuildPhase;
			buildActionMask = 2147483647;
			files = (
			);
			inputFileListPaths = (
			);
			inputPaths = (
				"${PODS_PODFILE_DIR_PATH}/Podfile.lock",
				"${PODS_ROOT}/Manifest.lock",
			);
			name = "[CP] Check Pods Manifest.lock";
			outputFileListPaths = (
			);
			outputPaths = (
				"$(DERIVED_FILE_DIR)/Pods-MovieListApp-checkManifestLockResult.txt",
			);
			runOnlyForDeploymentPostprocessing = 0;
			shellPath = /bin/sh;
			shellScript = "diff \"${PODS_PODFILE_DIR_PATH}/Podfile.lock\" \"${PODS_ROOT}/Manifest.lock\" > /dev/null\nif [ $? != 0 ] ; then\n    # print error to STDERR\n    echo \"error: The sandbox is not in sync with the Podfile.lock. Run 'pod install' or update your CocoaPods installation.\" >&2\n    exit 1\nfi\n# This output is used by Xcode 'outputs' to avoid re-running this script phase.\necho \"SUCCESS\" > \"${SCRIPT_OUTPUT_FILE_0}\"\n";
			showEnvVarsInLog = 0;
		};
		334EEADC47BE17D56E078F7F /* [CP] Check Pods Manifest.lock */ = {
			isa = PBXShellScriptBuildPhase;
			buildActionMask = 2147483647;
			files = (
			);
			inputFileListPaths = (
			);
			inputPaths = (
				"${PODS_PODFILE_DIR_PATH}/Podfile.lock",
				"${PODS_ROOT}/Manifest.lock",
			);
			name = "[CP] Check Pods Manifest.lock";
			outputFileListPaths = (
			);
			outputPaths = (
				"$(DERIVED_FILE_DIR)/Pods-MovieListApp-MovieListAppUITests-checkManifestLockResult.txt",
			);
			runOnlyForDeploymentPostprocessing = 0;
			shellPath = /bin/sh;
			shellScript = "diff \"${PODS_PODFILE_DIR_PATH}/Podfile.lock\" \"${PODS_ROOT}/Manifest.lock\" > /dev/null\nif [ $? != 0 ] ; then\n    # print error to STDERR\n    echo \"error: The sandbox is not in sync with the Podfile.lock. Run 'pod install' or update your CocoaPods installation.\" >&2\n    exit 1\nfi\n# This output is used by Xcode 'outputs' to avoid re-running this script phase.\necho \"SUCCESS\" > \"${SCRIPT_OUTPUT_FILE_0}\"\n";
			showEnvVarsInLog = 0;
		};
		3E3B2F87402FD2CA5E111E3F /* [CP] Embed Pods Frameworks */ = {
			isa = PBXShellScriptBuildPhase;
			buildActionMask = 2147483647;
			files = (
			);
			inputFileListPaths = (
				"${PODS_ROOT}/Target Support Files/Pods-MovieListApp-MovieListAppUITests/Pods-MovieListApp-MovieListAppUITests-frameworks-${CONFIGURATION}-input-files.xcfilelist",
			);
			name = "[CP] Embed Pods Frameworks";
			outputFileListPaths = (
				"${PODS_ROOT}/Target Support Files/Pods-MovieListApp-MovieListAppUITests/Pods-MovieListApp-MovieListAppUITests-frameworks-${CONFIGURATION}-output-files.xcfilelist",
			);
			runOnlyForDeploymentPostprocessing = 0;
			shellPath = /bin/sh;
			shellScript = "\"${PODS_ROOT}/Target Support Files/Pods-MovieListApp-MovieListAppUITests/Pods-MovieListApp-MovieListAppUITests-frameworks.sh\"\n";
			showEnvVarsInLog = 0;
		};
		744CC4141E5D3A0E72FF25FF /* [CP] Embed Pods Frameworks */ = {
			isa = PBXShellScriptBuildPhase;
			buildActionMask = 2147483647;
			files = (
			);
			inputFileListPaths = (
				"${PODS_ROOT}/Target Support Files/Pods-MovieListApp/Pods-MovieListApp-frameworks-${CONFIGURATION}-input-files.xcfilelist",
			);
			name = "[CP] Embed Pods Frameworks";
			outputFileListPaths = (
				"${PODS_ROOT}/Target Support Files/Pods-MovieListApp/Pods-MovieListApp-frameworks-${CONFIGURATION}-output-files.xcfilelist",
			);
			runOnlyForDeploymentPostprocessing = 0;
			shellPath = /bin/sh;
			shellScript = "\"${PODS_ROOT}/Target Support Files/Pods-MovieListApp/Pods-MovieListApp-frameworks.sh\"\n";
			showEnvVarsInLog = 0;
		};
		AEBD079AF44A6F5DFEEF4398 /* [CP] Check Pods Manifest.lock */ = {
			isa = PBXShellScriptBuildPhase;
			buildActionMask = 2147483647;
			files = (
			);
			inputFileListPaths = (
			);
			inputPaths = (
				"${PODS_PODFILE_DIR_PATH}/Podfile.lock",
				"${PODS_ROOT}/Manifest.lock",
			);
			name = "[CP] Check Pods Manifest.lock";
			outputFileListPaths = (
			);
			outputPaths = (
				"$(DERIVED_FILE_DIR)/Pods-MovieListAppTests-checkManifestLockResult.txt",
			);
			runOnlyForDeploymentPostprocessing = 0;
			shellPath = /bin/sh;
			shellScript = "diff \"${PODS_PODFILE_DIR_PATH}/Podfile.lock\" \"${PODS_ROOT}/Manifest.lock\" > /dev/null\nif [ $? != 0 ] ; then\n    # print error to STDERR\n    echo \"error: The sandbox is not in sync with the Podfile.lock. Run 'pod install' or update your CocoaPods installation.\" >&2\n    exit 1\nfi\n# This output is used by Xcode 'outputs' to avoid re-running this script phase.\necho \"SUCCESS\" > \"${SCRIPT_OUTPUT_FILE_0}\"\n";
			showEnvVarsInLog = 0;
		};
/* End PBXShellScriptBuildPhase section */

/* Begin PBXSourcesBuildPhase section */
		BF3832502A8D19DF000E4062 /* Sources */ = {
			isa = PBXSourcesBuildPhase;
			buildActionMask = 2147483647;
			files = (
				BF4861752A93E6660023F3E8 /* Extension+ViewController.swift in Sources */,
				BF4861762A93E6660023F3E8 /* Extension+UIView.swift in Sources */,
				BF48617E2A93E6660023F3E8 /* MovieLoginEntity.swift in Sources */,
				BF48617D2A93E6660023F3E8 /* MovieDetailEntity.swift in Sources */,
				BF4861FF2A93E8A60023F3E8 /* MovieDetailViewController.swift in Sources */,
				BF4861772A93E6660023F3E8 /* CustomButton.swift in Sources */,
				BF48617B2A93E6660023F3E8 /* NetworkCheck.swift in Sources */,
				BF4861722A93E6660023F3E8 /* LoginRepository.swift in Sources */,
				BF4862042A93E8A60023F3E8 /* MovieListViewProtocols.swift in Sources */,
				BF48617F2A93E6660023F3E8 /* MovieDetailInteractor.swift in Sources */,
				79623E0A2A8D6D8C00E1D0BA /* TheMovieDBChallenge.xcdatamodeld in Sources */,
				BF4861802A93E6660023F3E8 /* MovieListInteractor.swift in Sources */,
				BF4862032A93E8A60023F3E8 /* MovieListViewController.swift in Sources */,
				BF4861FE2A93E8A60023F3E8 /* MovieDetailViewProtocols.swift in Sources */,
				BF4861782A93E6660023F3E8 /* ButtonStyle.swift in Sources */,
				BF4861832A93E6660023F3E8 /* MovieListRouter.swift in Sources */,
				BF4861812A93E6660023F3E8 /* MovieLoginInteractor.swift in Sources */,
				BF4861732A93E6660023F3E8 /* MovieRepository.swift in Sources */,
				BF4862072A93E8A60023F3E8 /* MovieLoginProtocols.swift in Sources */,
				BF4862012A93E8A60023F3E8 /* MovieListTableViewCell.swift in Sources */,
				BF4861742A93E6660023F3E8 /* CoredataRepository.swift in Sources */,
				BF48617A2A93E6660023F3E8 /* Colors.swift in Sources */,
				BF3832582A8D19DF000E4062 /* AppDelegate.swift in Sources */,
				BF48616F2A93E6660023F3E8 /* MovieDetailPresenter.swift in Sources */,
				BF4862062A93E8A60023F3E8 /* MovieLoginViewController.swift in Sources */,
				BF4861712A93E6660023F3E8 /* MovieLoginPresenter.swift in Sources */,
				BF4861792A93E6660023F3E8 /* Constants.swift in Sources */,
				BF4861702A93E6660023F3E8 /* MovieListPresenter.swift in Sources */,
				BF4861822A93E6660023F3E8 /* MovieDetailRouter.swift in Sources */,
				BF48617C2A93E6660023F3E8 /* MovieListEntity.swift in Sources */,
				BF4861842A93E6660023F3E8 /* MovieLoginRouter.swift in Sources */,
			);
			runOnlyForDeploymentPostprocessing = 0;
		};
		BF3832662A8D19E0000E4062 /* Sources */ = {
			isa = PBXSourcesBuildPhase;
			buildActionMask = 2147483647;
			files = (
				BF38326F2A8D19E0000E4062 /* MovieListAppTests.swift in Sources */,
				BF4861892A93E6AF0023F3E8 /* MovieListInteractorTests.swift in Sources */,
				BF48618A2A93E6AF0023F3E8 /* ListPresenterMock.swift in Sources */,
			);
			runOnlyForDeploymentPostprocessing = 0;
		};
		BF3832702A8D19E0000E4062 /* Sources */ = {
			isa = PBXSourcesBuildPhase;
			buildActionMask = 2147483647;
			files = (
				BF3832792A8D19E0000E4062 /* MovieListAppUITests.swift in Sources */,
				BF38327B2A8D19E0000E4062 /* MovieListAppUITestsLaunchTests.swift in Sources */,
			);
			runOnlyForDeploymentPostprocessing = 0;
		};
/* End PBXSourcesBuildPhase section */

/* Begin PBXTargetDependency section */
		BF38326C2A8D19E0000E4062 /* PBXTargetDependency */ = {
			isa = PBXTargetDependency;
			target = BF3832532A8D19DF000E4062 /* MovieListApp */;
			targetProxy = BF38326B2A8D19E0000E4062 /* PBXContainerItemProxy */;
		};
		BF3832762A8D19E0000E4062 /* PBXTargetDependency */ = {
			isa = PBXTargetDependency;
			target = BF3832532A8D19DF000E4062 /* MovieListApp */;
			targetProxy = BF3832752A8D19E0000E4062 /* PBXContainerItemProxy */;
		};
/* End PBXTargetDependency section */

/* Begin PBXVariantGroup section */
		BF3832622A8D19E0000E4062 /* LaunchScreen.storyboard */ = {
			isa = PBXVariantGroup;
			children = (
				BF3832632A8D19E0000E4062 /* Base */,
			);
			name = LaunchScreen.storyboard;
			sourceTree = "<group>";
		};
/* End PBXVariantGroup section */

/* Begin XCBuildConfiguration section */
		BF38327C2A8D19E0000E4062 /* Debug */ = {
			isa = XCBuildConfiguration;
			buildSettings = {
				ALWAYS_SEARCH_USER_PATHS = NO;
				CLANG_ANALYZER_NONNULL = YES;
				CLANG_ANALYZER_NUMBER_OBJECT_CONVERSION = YES_AGGRESSIVE;
				CLANG_CXX_LANGUAGE_STANDARD = "gnu++17";
				CLANG_ENABLE_MODULES = YES;
				CLANG_ENABLE_OBJC_ARC = YES;
				CLANG_ENABLE_OBJC_WEAK = YES;
				CLANG_WARN_BLOCK_CAPTURE_AUTORELEASING = YES;
				CLANG_WARN_BOOL_CONVERSION = YES;
				CLANG_WARN_COMMA = YES;
				CLANG_WARN_CONSTANT_CONVERSION = YES;
				CLANG_WARN_DEPRECATED_OBJC_IMPLEMENTATIONS = YES;
				CLANG_WARN_DIRECT_OBJC_ISA_USAGE = YES_ERROR;
				CLANG_WARN_DOCUMENTATION_COMMENTS = YES;
				CLANG_WARN_EMPTY_BODY = YES;
				CLANG_WARN_ENUM_CONVERSION = YES;
				CLANG_WARN_INFINITE_RECURSION = YES;
				CLANG_WARN_INT_CONVERSION = YES;
				CLANG_WARN_NON_LITERAL_NULL_CONVERSION = YES;
				CLANG_WARN_OBJC_IMPLICIT_RETAIN_SELF = YES;
				CLANG_WARN_OBJC_LITERAL_CONVERSION = YES;
				CLANG_WARN_OBJC_ROOT_CLASS = YES_ERROR;
				CLANG_WARN_QUOTED_INCLUDE_IN_FRAMEWORK_HEADER = YES;
				CLANG_WARN_RANGE_LOOP_ANALYSIS = YES;
				CLANG_WARN_STRICT_PROTOTYPES = YES;
				CLANG_WARN_SUSPICIOUS_MOVE = YES;
				CLANG_WARN_UNGUARDED_AVAILABILITY = YES_AGGRESSIVE;
				CLANG_WARN_UNREACHABLE_CODE = YES;
				CLANG_WARN__DUPLICATE_METHOD_MATCH = YES;
				COPY_PHASE_STRIP = NO;
				DEBUG_INFORMATION_FORMAT = dwarf;
				ENABLE_STRICT_OBJC_MSGSEND = YES;
				ENABLE_TESTABILITY = YES;
				GCC_C_LANGUAGE_STANDARD = gnu11;
				GCC_DYNAMIC_NO_PIC = NO;
				GCC_NO_COMMON_BLOCKS = YES;
				GCC_OPTIMIZATION_LEVEL = 0;
				GCC_PREPROCESSOR_DEFINITIONS = (
					"DEBUG=1",
					"$(inherited)",
				);
				GCC_WARN_64_TO_32_BIT_CONVERSION = YES;
				GCC_WARN_ABOUT_RETURN_TYPE = YES_ERROR;
				GCC_WARN_UNDECLARED_SELECTOR = YES;
				GCC_WARN_UNINITIALIZED_AUTOS = YES_AGGRESSIVE;
				GCC_WARN_UNUSED_FUNCTION = YES;
				GCC_WARN_UNUSED_VARIABLE = YES;
				IPHONEOS_DEPLOYMENT_TARGET = 15.2;
				MTL_ENABLE_DEBUG_INFO = INCLUDE_SOURCE;
				MTL_FAST_MATH = YES;
				ONLY_ACTIVE_ARCH = YES;
				SDKROOT = iphoneos;
				SWIFT_ACTIVE_COMPILATION_CONDITIONS = DEBUG;
				SWIFT_OPTIMIZATION_LEVEL = "-Onone";
			};
			name = Debug;
		};
		BF38327D2A8D19E0000E4062 /* Release */ = {
			isa = XCBuildConfiguration;
			buildSettings = {
				ALWAYS_SEARCH_USER_PATHS = NO;
				CLANG_ANALYZER_NONNULL = YES;
				CLANG_ANALYZER_NUMBER_OBJECT_CONVERSION = YES_AGGRESSIVE;
				CLANG_CXX_LANGUAGE_STANDARD = "gnu++17";
				CLANG_ENABLE_MODULES = YES;
				CLANG_ENABLE_OBJC_ARC = YES;
				CLANG_ENABLE_OBJC_WEAK = YES;
				CLANG_WARN_BLOCK_CAPTURE_AUTORELEASING = YES;
				CLANG_WARN_BOOL_CONVERSION = YES;
				CLANG_WARN_COMMA = YES;
				CLANG_WARN_CONSTANT_CONVERSION = YES;
				CLANG_WARN_DEPRECATED_OBJC_IMPLEMENTATIONS = YES;
				CLANG_WARN_DIRECT_OBJC_ISA_USAGE = YES_ERROR;
				CLANG_WARN_DOCUMENTATION_COMMENTS = YES;
				CLANG_WARN_EMPTY_BODY = YES;
				CLANG_WARN_ENUM_CONVERSION = YES;
				CLANG_WARN_INFINITE_RECURSION = YES;
				CLANG_WARN_INT_CONVERSION = YES;
				CLANG_WARN_NON_LITERAL_NULL_CONVERSION = YES;
				CLANG_WARN_OBJC_IMPLICIT_RETAIN_SELF = YES;
				CLANG_WARN_OBJC_LITERAL_CONVERSION = YES;
				CLANG_WARN_OBJC_ROOT_CLASS = YES_ERROR;
				CLANG_WARN_QUOTED_INCLUDE_IN_FRAMEWORK_HEADER = YES;
				CLANG_WARN_RANGE_LOOP_ANALYSIS = YES;
				CLANG_WARN_STRICT_PROTOTYPES = YES;
				CLANG_WARN_SUSPICIOUS_MOVE = YES;
				CLANG_WARN_UNGUARDED_AVAILABILITY = YES_AGGRESSIVE;
				CLANG_WARN_UNREACHABLE_CODE = YES;
				CLANG_WARN__DUPLICATE_METHOD_MATCH = YES;
				COPY_PHASE_STRIP = NO;
				DEBUG_INFORMATION_FORMAT = "dwarf-with-dsym";
				ENABLE_NS_ASSERTIONS = NO;
				ENABLE_STRICT_OBJC_MSGSEND = YES;
				GCC_C_LANGUAGE_STANDARD = gnu11;
				GCC_NO_COMMON_BLOCKS = YES;
				GCC_WARN_64_TO_32_BIT_CONVERSION = YES;
				GCC_WARN_ABOUT_RETURN_TYPE = YES_ERROR;
				GCC_WARN_UNDECLARED_SELECTOR = YES;
				GCC_WARN_UNINITIALIZED_AUTOS = YES_AGGRESSIVE;
				GCC_WARN_UNUSED_FUNCTION = YES;
				GCC_WARN_UNUSED_VARIABLE = YES;
				IPHONEOS_DEPLOYMENT_TARGET = 15.2;
				MTL_ENABLE_DEBUG_INFO = NO;
				MTL_FAST_MATH = YES;
				SDKROOT = iphoneos;
				SWIFT_COMPILATION_MODE = wholemodule;
				SWIFT_OPTIMIZATION_LEVEL = "-O";
				VALIDATE_PRODUCT = YES;
			};
			name = Release;
		};
		BF38327F2A8D19E0000E4062 /* Debug */ = {
			isa = XCBuildConfiguration;
			baseConfigurationReference = 23EB321E11AB33742BE32C85 /* Pods-MovieListApp.debug.xcconfig */;
			buildSettings = {
				ASSETCATALOG_COMPILER_APPICON_NAME = AppIcon;
				ASSETCATALOG_COMPILER_GLOBAL_ACCENT_COLOR_NAME = AccentColor;
				CODE_SIGN_STYLE = Automatic;
				CURRENT_PROJECT_VERSION = 1;
				GENERATE_INFOPLIST_FILE = YES;
				INFOPLIST_FILE = MovieListApp/Info.plist;
				INFOPLIST_KEY_UIApplicationSupportsIndirectInputEvents = YES;
				INFOPLIST_KEY_UILaunchStoryboardName = LaunchScreen;
				INFOPLIST_KEY_UISupportedInterfaceOrientations_iPad = "UIInterfaceOrientationPortrait UIInterfaceOrientationPortraitUpsideDown UIInterfaceOrientationLandscapeLeft UIInterfaceOrientationLandscapeRight";
				INFOPLIST_KEY_UISupportedInterfaceOrientations_iPhone = "UIInterfaceOrientationPortrait UIInterfaceOrientationLandscapeLeft UIInterfaceOrientationLandscapeRight";
				LD_RUNPATH_SEARCH_PATHS = (
					"$(inherited)",
					"@executable_path/Frameworks",
				);
				MARKETING_VERSION = 1.0;
				PRODUCT_BUNDLE_IDENTIFIER = com.project.MovieListApp;
				PRODUCT_NAME = "$(TARGET_NAME)";
				SWIFT_EMIT_LOC_STRINGS = YES;
				SWIFT_VERSION = 5.0;
				TARGETED_DEVICE_FAMILY = "1,2";
			};
			name = Debug;
		};
		BF3832802A8D19E0000E4062 /* Release */ = {
			isa = XCBuildConfiguration;
			baseConfigurationReference = 617848BC5AF940B3D1DB2577 /* Pods-MovieListApp.release.xcconfig */;
			buildSettings = {
				ASSETCATALOG_COMPILER_APPICON_NAME = AppIcon;
				ASSETCATALOG_COMPILER_GLOBAL_ACCENT_COLOR_NAME = AccentColor;
				CODE_SIGN_STYLE = Automatic;
				CURRENT_PROJECT_VERSION = 1;
				GENERATE_INFOPLIST_FILE = YES;
				INFOPLIST_FILE = MovieListApp/Info.plist;
				INFOPLIST_KEY_UIApplicationSupportsIndirectInputEvents = YES;
				INFOPLIST_KEY_UILaunchStoryboardName = LaunchScreen;
				INFOPLIST_KEY_UISupportedInterfaceOrientations_iPad = "UIInterfaceOrientationPortrait UIInterfaceOrientationPortraitUpsideDown UIInterfaceOrientationLandscapeLeft UIInterfaceOrientationLandscapeRight";
				INFOPLIST_KEY_UISupportedInterfaceOrientations_iPhone = "UIInterfaceOrientationPortrait UIInterfaceOrientationLandscapeLeft UIInterfaceOrientationLandscapeRight";
				LD_RUNPATH_SEARCH_PATHS = (
					"$(inherited)",
					"@executable_path/Frameworks",
				);
				MARKETING_VERSION = 1.0;
				PRODUCT_BUNDLE_IDENTIFIER = com.project.MovieListApp;
				PRODUCT_NAME = "$(TARGET_NAME)";
				SWIFT_EMIT_LOC_STRINGS = YES;
				SWIFT_VERSION = 5.0;
				TARGETED_DEVICE_FAMILY = "1,2";
			};
			name = Release;
		};
		BF3832822A8D19E0000E4062 /* Debug */ = {
			isa = XCBuildConfiguration;
			baseConfigurationReference = 3218B4A7D9E8CFE505FE22B6 /* Pods-MovieListAppTests.debug.xcconfig */;
			buildSettings = {
				ALWAYS_EMBED_SWIFT_STANDARD_LIBRARIES = YES;
				BUNDLE_LOADER = "$(TEST_HOST)";
				CODE_SIGN_STYLE = Automatic;
				CURRENT_PROJECT_VERSION = 1;
				GENERATE_INFOPLIST_FILE = YES;
				IPHONEOS_DEPLOYMENT_TARGET = 15.5;
				MARKETING_VERSION = 1.0;
				PRODUCT_BUNDLE_IDENTIFIER = com.project.MovieListAppTests;
				PRODUCT_NAME = "$(TARGET_NAME)";
				SWIFT_EMIT_LOC_STRINGS = NO;
				SWIFT_VERSION = 5.0;
				TARGETED_DEVICE_FAMILY = "1,2";
				TEST_HOST = "$(BUILT_PRODUCTS_DIR)/MovieListApp.app/MovieListApp";
			};
			name = Debug;
		};
		BF3832832A8D19E0000E4062 /* Release */ = {
			isa = XCBuildConfiguration;
			baseConfigurationReference = 00A024FFA631FE26BD8495DE /* Pods-MovieListAppTests.release.xcconfig */;
			buildSettings = {
				ALWAYS_EMBED_SWIFT_STANDARD_LIBRARIES = YES;
				BUNDLE_LOADER = "$(TEST_HOST)";
				CODE_SIGN_STYLE = Automatic;
				CURRENT_PROJECT_VERSION = 1;
				GENERATE_INFOPLIST_FILE = YES;
				IPHONEOS_DEPLOYMENT_TARGET = 15.5;
				MARKETING_VERSION = 1.0;
				PRODUCT_BUNDLE_IDENTIFIER = com.project.MovieListAppTests;
				PRODUCT_NAME = "$(TARGET_NAME)";
				SWIFT_EMIT_LOC_STRINGS = NO;
				SWIFT_VERSION = 5.0;
				TARGETED_DEVICE_FAMILY = "1,2";
				TEST_HOST = "$(BUILT_PRODUCTS_DIR)/MovieListApp.app/MovieListApp";
			};
			name = Release;
		};
		BF3832852A8D19E0000E4062 /* Debug */ = {
			isa = XCBuildConfiguration;
			baseConfigurationReference = 43F03F5F8439AC034D332D7E /* Pods-MovieListApp-MovieListAppUITests.debug.xcconfig */;
			buildSettings = {
				ALWAYS_EMBED_SWIFT_STANDARD_LIBRARIES = YES;
				CODE_SIGN_STYLE = Automatic;
				CURRENT_PROJECT_VERSION = 1;
				GENERATE_INFOPLIST_FILE = YES;
				MARKETING_VERSION = 1.0;
				PRODUCT_BUNDLE_IDENTIFIER = com.project.MovieListAppUITests;
				PRODUCT_NAME = "$(TARGET_NAME)";
				SWIFT_EMIT_LOC_STRINGS = NO;
				SWIFT_VERSION = 5.0;
				TARGETED_DEVICE_FAMILY = "1,2";
				TEST_TARGET_NAME = MovieListApp;
			};
			name = Debug;
		};
		BF3832862A8D19E0000E4062 /* Release */ = {
			isa = XCBuildConfiguration;
			baseConfigurationReference = 6DEE91A4E053610E92A9459F /* Pods-MovieListApp-MovieListAppUITests.release.xcconfig */;
			buildSettings = {
				ALWAYS_EMBED_SWIFT_STANDARD_LIBRARIES = YES;
				CODE_SIGN_STYLE = Automatic;
				CURRENT_PROJECT_VERSION = 1;
				GENERATE_INFOPLIST_FILE = YES;
				MARKETING_VERSION = 1.0;
				PRODUCT_BUNDLE_IDENTIFIER = com.project.MovieListAppUITests;
				PRODUCT_NAME = "$(TARGET_NAME)";
				SWIFT_EMIT_LOC_STRINGS = NO;
				SWIFT_VERSION = 5.0;
				TARGETED_DEVICE_FAMILY = "1,2";
				TEST_TARGET_NAME = MovieListApp;
			};
			name = Release;
		};
/* End XCBuildConfiguration section */

/* Begin XCConfigurationList section */
		BF38324F2A8D19DF000E4062 /* Build configuration list for PBXProject "MovieListApp" */ = {
			isa = XCConfigurationList;
			buildConfigurations = (
				BF38327C2A8D19E0000E4062 /* Debug */,
				BF38327D2A8D19E0000E4062 /* Release */,
			);
			defaultConfigurationIsVisible = 0;
			defaultConfigurationName = Release;
		};
		BF38327E2A8D19E0000E4062 /* Build configuration list for PBXNativeTarget "MovieListApp" */ = {
			isa = XCConfigurationList;
			buildConfigurations = (
				BF38327F2A8D19E0000E4062 /* Debug */,
				BF3832802A8D19E0000E4062 /* Release */,
			);
			defaultConfigurationIsVisible = 0;
			defaultConfigurationName = Release;
		};
		BF3832812A8D19E0000E4062 /* Build configuration list for PBXNativeTarget "MovieListAppTests" */ = {
			isa = XCConfigurationList;
			buildConfigurations = (
				BF3832822A8D19E0000E4062 /* Debug */,
				BF3832832A8D19E0000E4062 /* Release */,
			);
			defaultConfigurationIsVisible = 0;
			defaultConfigurationName = Release;
		};
		BF3832842A8D19E0000E4062 /* Build configuration list for PBXNativeTarget "MovieListAppUITests" */ = {
			isa = XCConfigurationList;
			buildConfigurations = (
				BF3832852A8D19E0000E4062 /* Debug */,
				BF3832862A8D19E0000E4062 /* Release */,
			);
			defaultConfigurationIsVisible = 0;
			defaultConfigurationName = Release;
		};
/* End XCConfigurationList section */

/* Begin XCVersionGroup section */
		79623E082A8D6D8C00E1D0BA /* TheMovieDBChallenge.xcdatamodeld */ = {
			isa = XCVersionGroup;
			children = (
				79623E092A8D6D8C00E1D0BA /* TheMovieDBChallenge.xcdatamodel */,
			);
			currentVersion = 79623E092A8D6D8C00E1D0BA /* TheMovieDBChallenge.xcdatamodel */;
			path = TheMovieDBChallenge.xcdatamodeld;
			sourceTree = "<group>";
			versionGroupType = wrapper.xcdatamodel;
		};
/* End XCVersionGroup section */
	};
	rootObject = BF38324C2A8D19DF000E4062 /* Project object */;
}
